
Microsoft Visual Studio Solution File, Format Version 12.00
# Visual Studio Version 17
VisualStudioVersion = 17.14.36212.18 d17.14
MinimumVisualStudioVersion = 10.0.40219.1
Project("{FAE04EC0-301F-11D3-BF4B-00C04F79EFBC}") = "LabVAgain", "LabVAgain\LabVAgain.csproj", "{9B7BAC2D-F540-45AA-8D0B-C54D52AB9559}"
EndProject
Global
	GlobalSection(SolutionConfigurationPlatforms) = preSolution
		Debug|Any CPU = Debug|Any CPU
		Release|Any CPU = Release|Any CPU
	EndGlobalSection
	GlobalSection(ProjectConfigurationPlatforms) = postSolution
		{9B7BAC2D-F540-45AA-8D0B-C54D52AB9559}.Debug|Any CPU.ActiveCfg = Debug|Any CPU
		{9B7BAC2D-F540-45AA-8D0B-C54D52AB9559}.Debug|Any CPU.Build.0 = Debug|Any CPU
		{9B7BAC2D-F540-45AA-8D0B-C54D52AB9559}.Release|Any CPU.ActiveCfg = Release|Any CPU
		{9B7BAC2D-F540-45AA-8D0B-C54D52AB9559}.Release|Any CPU.Build.0 = Release|Any CPU
	EndGlobalSection
	GlobalSection(SolutionProperties) = preSolution
		HideSolutionNode = FALSE
	EndGlobalSection
	GlobalSection(ExtensibilityGlobals) = postSolution
		SolutionGuid = {F26D6194-6EF5-4DE9-9B93-5826A220C67B}
	EndGlobalSection
EndGlobal
